
Microsoft Visual Studio Solution File, Format Version 12.00
# Visual Studio Version 17
VisualStudioVersion = 17.3.32929.385
MinimumVisualStudioVersion = 10.0.40219.1
Project("{9A19103F-16F7-4668-BE54-9A1E7A4F7556}") = "Core", "Core\Core.csproj", "{68F64B80-61E9-48F5-9CCA-610970BCD774}"
EndProject
Project("{9A19103F-16F7-4668-BE54-9A1E7A4F7556}") = "Business", "Business\Business.csproj", "{07806F3E-3B5E-4510-AD5E-9768D7A59146}"
EndProject
Project("{9A19103F-16F7-4668-BE54-9A1E7A4F7556}") = "Tests", "Tests\Tests.csproj", "{5B41AD92-8907-49BD-B301-802A214EFFC4}"
EndProject
Global
	GlobalSection(SolutionConfigurationPlatforms) = preSolution
		Debug|Any CPU = Debug|Any CPU
		Release|Any CPU = Release|Any CPU
	EndGlobalSection
	GlobalSection(ProjectConfigurationPlatforms) = postSolution
		{68F64B80-61E9-48F5-9CCA-610970BCD774}.Debug|Any CPU.ActiveCfg = Debug|Any CPU
		{68F64B80-61E9-48F5-9CCA-610970BCD774}.Debug|Any CPU.Build.0 = Debug|Any CPU
		{68F64B80-61E9-48F5-9CCA-610970BCD774}.Release|Any CPU.ActiveCfg = Release|Any CPU
		{68F64B80-61E9-48F5-9CCA-610970BCD774}.Release|Any CPU.Build.0 = Release|Any CPU
		{07806F3E-3B5E-4510-AD5E-9768D7A59146}.Debug|Any CPU.ActiveCfg = Debug|Any CPU
		{07806F3E-3B5E-4510-AD5E-9768D7A59146}.Debug|Any CPU.Build.0 = Debug|Any CPU
		{07806F3E-3B5E-4510-AD5E-9768D7A59146}.Release|Any CPU.ActiveCfg = Release|Any CPU
		{07806F3E-3B5E-4510-AD5E-9768D7A59146}.Release|Any CPU.Build.0 = Release|Any CPU
		{5B41AD92-8907-49BD-B301-802A214EFFC4}.Debug|Any CPU.ActiveCfg = Debug|Any CPU
		{5B41AD92-8907-49BD-B301-802A214EFFC4}.Debug|Any CPU.Build.0 = Debug|Any CPU
		{5B41AD92-8907-49BD-B301-802A214EFFC4}.Release|Any CPU.ActiveCfg = Release|Any CPU
		{5B41AD92-8907-49BD-B301-802A214EFFC4}.Release|Any CPU.Build.0 = Release|Any CPU
	EndGlobalSection
	GlobalSection(SolutionProperties) = preSolution
		HideSolutionNode = FALSE
	EndGlobalSection
	GlobalSection(ExtensibilityGlobals) = postSolution
		SolutionGuid = {8D1E5C87-4CB7-46C1-9B95-8A032FC1DB37}
	EndGlobalSection
EndGlobal
