
Microsoft Visual Studio Solution File, Format Version 12.00
# Visual Studio Version 17
VisualStudioVersion = 17.3.32929.385
MinimumVisualStudioVersion = 10.0.40219.1
Project("{9A19103F-16F7-4668-BE54-9A1E7A4F7556}") = "WebDriverTask", "WebDriverTask\WebDriverTask.csproj", "{AA19A053-23F4-48A6-9967-2298B0244FA7}"
EndProject
Project("{FAE04EC0-301F-11D3-BF4B-00C04F79EFBC}") = "PlayGround", "..\PlayGround\PlayGround.csproj", "{1D4D3FF6-84E4-4B7F-836C-D51EB78F41D1}"
EndProject
Project("{FAE04EC0-301F-11D3-BF4B-00C04F79EFBC}") = "TestWebProject", "..\..\..\Desktop\ATM_program\webdriver_advanced\TestWebProject\TestWebProject\TestWebProject.csproj", "{4C687C42-1DDD-4ADA-966A-8944CFB52B4E}"
EndProject
Global
	GlobalSection(SolutionConfigurationPlatforms) = preSolution
		Debug|Any CPU = Debug|Any CPU
		Release|Any CPU = Release|Any CPU
	EndGlobalSection
	GlobalSection(ProjectConfigurationPlatforms) = postSolution
		{AA19A053-23F4-48A6-9967-2298B0244FA7}.Debug|Any CPU.ActiveCfg = Debug|Any CPU
		{AA19A053-23F4-48A6-9967-2298B0244FA7}.Debug|Any CPU.Build.0 = Debug|Any CPU
		{AA19A053-23F4-48A6-9967-2298B0244FA7}.Release|Any CPU.ActiveCfg = Release|Any CPU
		{AA19A053-23F4-48A6-9967-2298B0244FA7}.Release|Any CPU.Build.0 = Release|Any CPU
		{1D4D3FF6-84E4-4B7F-836C-D51EB78F41D1}.Debug|Any CPU.ActiveCfg = Debug|Any CPU
		{1D4D3FF6-84E4-4B7F-836C-D51EB78F41D1}.Debug|Any CPU.Build.0 = Debug|Any CPU
		{1D4D3FF6-84E4-4B7F-836C-D51EB78F41D1}.Release|Any CPU.ActiveCfg = Release|Any CPU
		{1D4D3FF6-84E4-4B7F-836C-D51EB78F41D1}.Release|Any CPU.Build.0 = Release|Any CPU
		{4C687C42-1DDD-4ADA-966A-8944CFB52B4E}.Debug|Any CPU.ActiveCfg = Debug|Any CPU
		{4C687C42-1DDD-4ADA-966A-8944CFB52B4E}.Debug|Any CPU.Build.0 = Debug|Any CPU
		{4C687C42-1DDD-4ADA-966A-8944CFB52B4E}.Release|Any CPU.ActiveCfg = Release|Any CPU
		{4C687C42-1DDD-4ADA-966A-8944CFB52B4E}.Release|Any CPU.Build.0 = Release|Any CPU
	EndGlobalSection
	GlobalSection(SolutionProperties) = preSolution
		HideSolutionNode = FALSE
	EndGlobalSection
	GlobalSection(ExtensibilityGlobals) = postSolution
		SolutionGuid = {8D1E5C87-4CB7-46C1-9B95-8A032FC1DB37}
	EndGlobalSection
EndGlobal
